
Microsoft Visual Studio Solution File, Format Version 12.00
# Visual Studio Version 17
VisualStudioVersion = 17.0.31903.59
MinimumVisualStudioVersion = 10.0.40219.1
Project("{2150E333-8FDC-42A3-9474-1A3956D46DE8}") = "src", "src", "{A35FBA1A-817E-4928-8E3B-14B91BDF0AA9}"
EndProject
Project("{FAE04EC0-301F-11D3-BF4B-00C04F79EFBC}") = "NeriPlayer.App", "src\NeriPlayer.App\NeriPlayer.App.csproj", "{0A7D4920-CB3D-4C1D-B8EB-90F21EEFCAB7}"
EndProject
Project("{FAE04EC0-301F-11D3-BF4B-00C04F79EFBC}") = "NeriPlayer.Core", "src\NeriPlayer.Core\NeriPlayer.Core.csproj", "{9686393C-5DD2-40F6-AAF4-F082F2CE1E0A}"
EndProject
Project("{FAE04EC0-301F-11D3-BF4B-00C04F79EFBC}") = "NeriPlayer.Data", "src\NeriPlayer.Data\NeriPlayer.Data.csproj", "{EB335D8C-A392-40E2-AAAA-3645BAB3017C}"
EndProject
Project("{FAE04EC0-301F-11D3-BF4B-00C04F79EFBC}") = "NeriPlayer.UI", "src\NeriPlayer.UI\NeriPlayer.UI.csproj", "{9B4E749E-425D-451B-97D2-D0E7A0368A50}"
EndProject
Project("{FAE04EC0-301F-11D3-BF4B-00C04F79EFBC}") = "NeriPlayer.Background", "src\NeriPlayer.Background\NeriPlayer.Background.csproj", "{129C49AF-CCDE-4AA5-9CD6-C33AF8FF87E2}"
EndProject
Project("{2150E333-8FDC-42A3-9474-1A3956D46DE8}") = "tests", "tests", "{577D322E-2E0A-4C56-8C1C-CDF7B4F19F4A}"
EndProject
Project("{FAE04EC0-301F-11D3-BF4B-00C04F79EFBC}") = "NeriPlayer.Core.Tests", "tests\NeriPlayer.Core.Tests\NeriPlayer.Core.Tests.csproj", "{34F1FA07-3E18-4A4C-9E62-909EF7FA5A0B}"
EndProject
Project("{FAE04EC0-301F-11D3-BF4B-00C04F79EFBC}") = "NeriPlayer.Data.Tests", "tests\NeriPlayer.Data.Tests\NeriPlayer.Data.Tests.csproj", "{210C4D77-5926-4FDC-9B43-A531BF7783DF}"
EndProject
Project("{FAE04EC0-301F-11D3-BF4B-00C04F79EFBC}") = "NeriPlayer.Api.Tests", "tests\NeriPlayer.Api.Tests\NeriPlayer.Api.Tests.csproj", "{1A9B19AF-1E7C-4A25-BCB8-12FA49A85B43}"
EndProject
Project("{FAE04EC0-301F-11D3-BF4B-00C04F79EFBC}") = "NeriPlayer.SourceGen", "src\NeriPlayer.SourceGen\NeriPlayer.SourceGen.csproj", "{7D374586-7202-487E-B818-200EA8F6B667}"
EndProject
Global
	GlobalSection(SolutionConfigurationPlatforms) = preSolution
		Debug|Any CPU = Debug|Any CPU
		Release|Any CPU = Release|Any CPU
	EndGlobalSection
	GlobalSection(SolutionProperties) = preSolution
		HideSolutionNode = FALSE
	EndGlobalSection
	GlobalSection(ProjectConfigurationPlatforms) = postSolution
		{0A7D4920-CB3D-4C1D-B8EB-90F21EEFCAB7}.Debug|Any CPU.ActiveCfg = Debug|Any CPU
		{0A7D4920-CB3D-4C1D-B8EB-90F21EEFCAB7}.Debug|Any CPU.Build.0 = Debug|Any CPU
		{0A7D4920-CB3D-4C1D-B8EB-90F21EEFCAB7}.Release|Any CPU.ActiveCfg = Release|Any CPU
		{0A7D4920-CB3D-4C1D-B8EB-90F21EEFCAB7}.Release|Any CPU.Build.0 = Release|Any CPU
		{9686393C-5DD2-40F6-AAF4-F082F2CE1E0A}.Debug|Any CPU.ActiveCfg = Debug|Any CPU
		{9686393C-5DD2-40F6-AAF4-F082F2CE1E0A}.Debug|Any CPU.Build.0 = Debug|Any CPU
		{9686393C-5DD2-40F6-AAF4-F082F2CE1E0A}.Release|Any CPU.ActiveCfg = Release|Any CPU
		{9686393C-5DD2-40F6-AAF4-F082F2CE1E0A}.Release|Any CPU.Build.0 = Release|Any CPU
		{EB335D8C-A392-40E2-AAAA-3645BAB3017C}.Debug|Any CPU.ActiveCfg = Debug|Any CPU
		{EB335D8C-A392-40E2-AAAA-3645BAB3017C}.Debug|Any CPU.Build.0 = Debug|Any CPU
		{EB335D8C-A392-40E2-AAAA-3645BAB3017C}.Release|Any CPU.ActiveCfg = Release|Any CPU
		{EB335D8C-A392-40E2-AAAA-3645BAB3017C}.Release|Any CPU.Build.0 = Release|Any CPU
		{9B4E749E-425D-451B-97D2-D0E7A0368A50}.Debug|Any CPU.ActiveCfg = Debug|Any CPU
		{9B4E749E-425D-451B-97D2-D0E7A0368A50}.Debug|Any CPU.Build.0 = Debug|Any CPU
		{9B4E749E-425D-451B-97D2-D0E7A0368A50}.Release|Any CPU.ActiveCfg = Release|Any CPU
		{9B4E749E-425D-451B-97D2-D0E7A0368A50}.Release|Any CPU.Build.0 = Release|Any CPU
		{129C49AF-CCDE-4AA5-9CD6-C33AF8FF87E2}.Debug|Any CPU.ActiveCfg = Debug|Any CPU
		{129C49AF-CCDE-4AA5-9CD6-C33AF8FF87E2}.Debug|Any CPU.Build.0 = Debug|Any CPU
		{129C49AF-CCDE-4AA5-9CD6-C33AF8FF87E2}.Release|Any CPU.ActiveCfg = Release|Any CPU
		{129C49AF-CCDE-4AA5-9CD6-C33AF8FF87E2}.Release|Any CPU.Build.0 = Release|Any CPU
		{34F1FA07-3E18-4A4C-9E62-909EF7FA5A0B}.Debug|Any CPU.ActiveCfg = Debug|Any CPU
		{34F1FA07-3E18-4A4C-9E62-909EF7FA5A0B}.Debug|Any CPU.Build.0 = Debug|Any CPU
		{34F1FA07-3E18-4A4C-9E62-909EF7FA5A0B}.Release|Any CPU.ActiveCfg = Release|Any CPU
		{34F1FA07-3E18-4A4C-9E62-909EF7FA5A0B}.Release|Any CPU.Build.0 = Release|Any CPU
		{210C4D77-5926-4FDC-9B43-A531BF7783DF}.Debug|Any CPU.ActiveCfg = Debug|Any CPU
		{210C4D77-5926-4FDC-9B43-A531BF7783DF}.Debug|Any CPU.Build.0 = Debug|Any CPU
		{210C4D77-5926-4FDC-9B43-A531BF7783DF}.Release|Any CPU.ActiveCfg = Release|Any CPU
		{210C4D77-5926-4FDC-9B43-A531BF7783DF}.Release|Any CPU.Build.0 = Release|Any CPU
		{1A9B19AF-1E7C-4A25-BCB8-12FA49A85B43}.Debug|Any CPU.ActiveCfg = Debug|Any CPU
		{1A9B19AF-1E7C-4A25-BCB8-12FA49A85B43}.Debug|Any CPU.Build.0 = Debug|Any CPU
		{1A9B19AF-1E7C-4A25-BCB8-12FA49A85B43}.Release|Any CPU.ActiveCfg = Release|Any CPU
		{1A9B19AF-1E7C-4A25-BCB8-12FA49A85B43}.Release|Any CPU.Build.0 = Release|Any CPU
		{7D374586-7202-487E-B818-200EA8F6B667}.Debug|Any CPU.ActiveCfg = Debug|Any CPU
		{7D374586-7202-487E-B818-200EA8F6B667}.Debug|Any CPU.Build.0 = Debug|Any CPU
		{7D374586-7202-487E-B818-200EA8F6B667}.Release|Any CPU.ActiveCfg = Release|Any CPU
		{7D374586-7202-487E-B818-200EA8F6B667}.Release|Any CPU.Build.0 = Release|Any CPU
	EndGlobalSection
	GlobalSection(NestedProjects) = preSolution
		{0A7D4920-CB3D-4C1D-B8EB-90F21EEFCAB7} = {A35FBA1A-817E-4928-8E3B-14B91BDF0AA9}
		{9686393C-5DD2-40F6-AAF4-F082F2CE1E0A} = {A35FBA1A-817E-4928-8E3B-14B91BDF0AA9}
		{EB335D8C-A392-40E2-AAAA-3645BAB3017C} = {A35FBA1A-817E-4928-8E3B-14B91BDF0AA9}
		{9B4E749E-425D-451B-97D2-D0E7A0368A50} = {A35FBA1A-817E-4928-8E3B-14B91BDF0AA9}
		{129C49AF-CCDE-4AA5-9CD6-C33AF8FF87E2} = {A35FBA1A-817E-4928-8E3B-14B91BDF0AA9}
		{34F1FA07-3E18-4A4C-9E62-909EF7FA5A0B} = {577D322E-2E0A-4C56-8C1C-CDF7B4F19F4A}
		{210C4D77-5926-4FDC-9B43-A531BF7783DF} = {577D322E-2E0A-4C56-8C1C-CDF7B4F19F4A}
		{1A9B19AF-1E7C-4A25-BCB8-12FA49A85B43} = {577D322E-2E0A-4C56-8C1C-CDF7B4F19F4A}
		{7D374586-7202-487E-B818-200EA8F6B667} = {A35FBA1A-817E-4928-8E3B-14B91BDF0AA9}
	EndGlobalSection
EndGlobal
